{
    "_readme": [
        "This file locks the dependencies of your project to a known state",
        "Read more about it at https://getcomposer.org/doc/01-basic-usage.md#installing-dependencies",
        "This file is @generated automatically"
    ],
    "content-hash": "3ffe6fe1f12178b3499003dc34d69a37",
    "packages": [
        {
            "name": "captioning/captioning",
            "version": "2.6.2",
            "source": {
                "type": "git",
                "url": "https://github.com/captioning/captioning.git",
                "reference": "084acba2de8e9692ac8f198e5f170d56eea55de1"
            },
            "dist": {
                "type": "zip",
                "url": "https://api.github.com/repos/captioning/captioning/zipball/084acba2de8e9692ac8f198e5f170d56eea55de1",
                "reference": "084acba2de8e9692ac8f198e5f170d56eea55de1",
                "shasum": ""
            },
            "require": {
                "php": ">=5.3.0"
            },
            "require-dev": {
                "phpunit/phpunit": "4.4.*@dev"
            },
            "type": "library",
            "autoload": {
                "psr-0": {
                    "Captioning": "src/"
                }
            },
            "notification-url": "https://packagist.org/downloads/",
            "license": [
                "MIT"
            ],
            "authors": [
                {
                    "name": "Julien Villetorte",
                    "email": "j.villetorte@gmail.com",
                    "homepage": "http://www.delphiki.com",
                    "role": "Developer"
                }
            ],
            "description": "A collection of tools to manipulate subtitles",
            "keywords": [
                "ass",
                "srt",
                "ssa",
                "subrip",
                "substation",
                "subtitle",
                "vtt",
                "webvtt"
            ],
            "support": {
                "issues": "https://github.com/captioning/captioning/issues",
                "source": "https://github.com/captioning/captioning/tree/2.6.2"
            },
            "time": "2019-09-02T21:09:29+00:00"
        },
        {
            "name": "matriphe/iso-639",
            "version": "1.2",
            "source": {
                "type": "git",
                "url": "https://github.com/matriphe/php-iso-639.git",
                "reference": "0245d844daeefdd22a54b47103ffdb0e03c323e1"
            },
            "dist": {
                "type": "zip",
                "url": "https://api.github.com/repos/matriphe/php-iso-639/zipball/0245d844daeefdd22a54b47103ffdb0e03c323e1",
                "reference": "0245d844daeefdd22a54b47103ffdb0e03c323e1",
                "shasum": ""
            },
            "require-dev": {
                "phpunit/phpunit": "^4.7"
            },
            "type": "library",
            "autoload": {
                "psr-4": {
                    "Matriphe\\ISO639\\": "src/"
                }
            },
            "notification-url": "https://packagist.org/downloads/",
            "license": [
                "MIT"
            ],
            "authors": [
                {
                    "name": "Muhammad Zamroni",
                    "email": "halo@matriphe.com"
                }
            ],
            "description": "PHP library to convert ISO-639-1 code to language name.",
            "keywords": [
                "639",
                "iso",
                "iso-639",
                "lang",
                "language",
                "laravel"
            ],
            "support": {
                "issues": "https://github.com/matriphe/php-iso-639/issues",
                "source": "https://github.com/matriphe/php-iso-639/tree/master"
            },
            "time": "2017-07-19T15:11:19+00:00"
        },
        {
            "name": "nihilarr/parse-torrent-name",
            "version": "v0.0.1",
            "source": {
                "type": "git",
                "url": "https://gitlab.com/nihilarr/parse-torrent-name.git",
                "reference": "0d8ddb6c91b33845d2e26677304ea91f69c90319"
            },
            "dist": {
                "type": "zip",
                "url": "https://gitlab.com/api/v4/projects/nihilarr%2Fparse-torrent-name/repository/archive.zip?sha=0d8ddb6c91b33845d2e26677304ea91f69c90319",
                "reference": "0d8ddb6c91b33845d2e26677304ea91f69c90319",
                "shasum": ""
            },
            "require": {
                "php": ">=5.3.24"
            },
            "type": "library",
            "autoload": {
                "psr-4": {
                    "Nihilarr\\": "PTN/"
                }
            },
            "notification-url": "https://packagist.org/downloads/",
            "license": [
                "MIT"
            ],
            "authors": [
                {
                    "name": "Drew Smith",
                    "homepage": "https://www.nihilarr.com"
                }
            ],
            "description": "Extract media information from torrent-like filename",
            "homepage": "https://gitlab.com/nihilarr/parse-torrent-name",
            "keywords": [
                "library",
                "parse",
                "parser",
                "ptn",
                "torrent"
            ],
            "time": "2018-04-23T01:48:14+00:00"
        }
    ],
    "packages-dev": [],
    "aliases": [],
    "minimum-stability": "stable",
    "stability-flags": [],
    "prefer-stable": false,
    "prefer-lowest": false,
    "platform": [],
    "platform-dev": [],
    "plugin-api-version": "2.0.0"
}
